
Microsoft Visual Studio Solution File, Format Version 12.00
# Visual Studio Version 17
VisualStudioVersion = 17.3.32825.248
MinimumVisualStudioVersion = 10.0.40219.1
Project("{2150E333-8FDC-42A3-9474-1A3956D46DE8}") = "src", "src", "{778B61F4-4E30-40E9-BDF9-7F721F1CBE92}"
EndProject
Project("{9A19103F-16F7-4668-BE54-9A1E7A4F7556}") = "DistributedLibrary.Books.Service", "src\DistributedLibrary.Books.Service\DistributedLibrary.Books.Service.csproj", "{0969F75C-9D52-43F6-8CC7-A696C9DBD919}"
EndProject
Project("{9A19103F-16F7-4668-BE54-9A1E7A4F7556}") = "DistributedLibrary.Authors.Api", "src\DistributedLibrary.Authors.Api\DistributedLibrary.Authors.Api.csproj", "{AB9833A9-2888-44F7-97D4-2566D0EE583C}"
EndProject
Project("{9A19103F-16F7-4668-BE54-9A1E7A4F7556}") = "DistributedLibrary.OtherAuthors.APi", "src\DistributedLibrary.OtherAuthors.APi\DistributedLibrary.OtherAuthors.APi.csproj", "{A6190153-C916-41F7-BD61-E40808208890}"
EndProject
Project("{FAE04EC0-301F-11D3-BF4B-00C04F79EFBC}") = "Gateway", "Gateway\Gateway.csproj", "{883A872F-BA40-4BAA-AA58-9D9191060D04}"
EndProject
Global
	GlobalSection(SolutionConfigurationPlatforms) = preSolution
		Debug|Any CPU = Debug|Any CPU
		Release|Any CPU = Release|Any CPU
	EndGlobalSection
	GlobalSection(ProjectConfigurationPlatforms) = postSolution
		{0969F75C-9D52-43F6-8CC7-A696C9DBD919}.Debug|Any CPU.ActiveCfg = Debug|Any CPU
		{0969F75C-9D52-43F6-8CC7-A696C9DBD919}.Debug|Any CPU.Build.0 = Debug|Any CPU
		{0969F75C-9D52-43F6-8CC7-A696C9DBD919}.Release|Any CPU.ActiveCfg = Release|Any CPU
		{0969F75C-9D52-43F6-8CC7-A696C9DBD919}.Release|Any CPU.Build.0 = Release|Any CPU
		{AB9833A9-2888-44F7-97D4-2566D0EE583C}.Debug|Any CPU.ActiveCfg = Debug|Any CPU
		{AB9833A9-2888-44F7-97D4-2566D0EE583C}.Debug|Any CPU.Build.0 = Debug|Any CPU
		{AB9833A9-2888-44F7-97D4-2566D0EE583C}.Release|Any CPU.ActiveCfg = Release|Any CPU
		{AB9833A9-2888-44F7-97D4-2566D0EE583C}.Release|Any CPU.Build.0 = Release|Any CPU
		{A6190153-C916-41F7-BD61-E40808208890}.Debug|Any CPU.ActiveCfg = Debug|Any CPU
		{A6190153-C916-41F7-BD61-E40808208890}.Debug|Any CPU.Build.0 = Debug|Any CPU
		{A6190153-C916-41F7-BD61-E40808208890}.Release|Any CPU.ActiveCfg = Release|Any CPU
		{A6190153-C916-41F7-BD61-E40808208890}.Release|Any CPU.Build.0 = Release|Any CPU
		{883A872F-BA40-4BAA-AA58-9D9191060D04}.Debug|Any CPU.ActiveCfg = Debug|Any CPU
		{883A872F-BA40-4BAA-AA58-9D9191060D04}.Debug|Any CPU.Build.0 = Debug|Any CPU
		{883A872F-BA40-4BAA-AA58-9D9191060D04}.Release|Any CPU.ActiveCfg = Release|Any CPU
		{883A872F-BA40-4BAA-AA58-9D9191060D04}.Release|Any CPU.Build.0 = Release|Any CPU
	EndGlobalSection
	GlobalSection(SolutionProperties) = preSolution
		HideSolutionNode = FALSE
	EndGlobalSection
	GlobalSection(NestedProjects) = preSolution
		{0969F75C-9D52-43F6-8CC7-A696C9DBD919} = {778B61F4-4E30-40E9-BDF9-7F721F1CBE92}
		{AB9833A9-2888-44F7-97D4-2566D0EE583C} = {778B61F4-4E30-40E9-BDF9-7F721F1CBE92}
		{A6190153-C916-41F7-BD61-E40808208890} = {778B61F4-4E30-40E9-BDF9-7F721F1CBE92}
	EndGlobalSection
	GlobalSection(ExtensibilityGlobals) = postSolution
		SolutionGuid = {FFFEE533-8E4D-4355-85A1-4FD573AAFC13}
	EndGlobalSection
EndGlobal
